
Microsoft Visual Studio Solution File, Format Version 12.00
# Visual Studio Version 16
VisualStudioVersion = 16.0.29709.97
MinimumVisualStudioVersion = 10.0.40219.1
Project("{FAE04EC0-301F-11D3-BF4B-00C04F79EFBC}") = "practicum-01-upr1", "practicum-01-upr1.csproj", "{EEFDD7B6-76C3-4473-B066-82B3EF10CFAC}"
EndProject
Global
	GlobalSection(SolutionConfigurationPlatforms) = preSolution
		Debug|Any CPU = Debug|Any CPU
		Release|Any CPU = Release|Any CPU
	EndGlobalSection
	GlobalSection(ProjectConfigurationPlatforms) = postSolution
		{EEFDD7B6-76C3-4473-B066-82B3EF10CFAC}.Debug|Any CPU.ActiveCfg = Debug|Any CPU
		{EEFDD7B6-76C3-4473-B066-82B3EF10CFAC}.Debug|Any CPU.Build.0 = Debug|Any CPU
		{EEFDD7B6-76C3-4473-B066-82B3EF10CFAC}.Release|Any CPU.ActiveCfg = Release|Any CPU
		{EEFDD7B6-76C3-4473-B066-82B3EF10CFAC}.Release|Any CPU.Build.0 = Release|Any CPU
	EndGlobalSection
	GlobalSection(SolutionProperties) = preSolution
		HideSolutionNode = FALSE
	EndGlobalSection
	GlobalSection(ExtensibilityGlobals) = postSolution
		SolutionGuid = {2053B30D-2D77-4DF5-9681-2CEDCC494C0C}
	EndGlobalSection
EndGlobal
