
Microsoft Visual Studio Solution File, Format Version 12.00
# Visual Studio Version 16
VisualStudioVersion = 16.0.29709.97
MinimumVisualStudioVersion = 10.0.40219.1
Project("{FAE04EC0-301F-11D3-BF4B-00C04F79EFBC}") = "pr01-01-upr2", "pr01-01-upr2.csproj", "{D668BE0D-AECA-4314-9B5E-87D9B559F987}"
EndProject
Global
	GlobalSection(SolutionConfigurationPlatforms) = preSolution
		Debug|Any CPU = Debug|Any CPU
		Release|Any CPU = Release|Any CPU
	EndGlobalSection
	GlobalSection(ProjectConfigurationPlatforms) = postSolution
		{D668BE0D-AECA-4314-9B5E-87D9B559F987}.Debug|Any CPU.ActiveCfg = Debug|Any CPU
		{D668BE0D-AECA-4314-9B5E-87D9B559F987}.Debug|Any CPU.Build.0 = Debug|Any CPU
		{D668BE0D-AECA-4314-9B5E-87D9B559F987}.Release|Any CPU.ActiveCfg = Release|Any CPU
		{D668BE0D-AECA-4314-9B5E-87D9B559F987}.Release|Any CPU.Build.0 = Release|Any CPU
	EndGlobalSection
	GlobalSection(SolutionProperties) = preSolution
		HideSolutionNode = FALSE
	EndGlobalSection
	GlobalSection(ExtensibilityGlobals) = postSolution
		SolutionGuid = {B81C0143-E659-4746-8028-A53766FCDD67}
	EndGlobalSection
EndGlobal
