
Microsoft Visual Studio Solution File, Format Version 12.00
# Visual Studio Version 16
VisualStudioVersion = 16.0.30204.135
MinimumVisualStudioVersion = 10.0.40219.1
Project("{FAE04EC0-301F-11D3-BF4B-00C04F79EFBC}") = "List-Value-Types", "List-Value-Types\List-Value-Types.csproj", "{97364A7C-A7DE-4254-B58C-C2F1E9B10896}"
EndProject
Global
	GlobalSection(SolutionConfigurationPlatforms) = preSolution
		Debug|Any CPU = Debug|Any CPU
		Release|Any CPU = Release|Any CPU
	EndGlobalSection
	GlobalSection(ProjectConfigurationPlatforms) = postSolution
		{97364A7C-A7DE-4254-B58C-C2F1E9B10896}.Debug|Any CPU.ActiveCfg = Debug|Any CPU
		{97364A7C-A7DE-4254-B58C-C2F1E9B10896}.Debug|Any CPU.Build.0 = Debug|Any CPU
		{97364A7C-A7DE-4254-B58C-C2F1E9B10896}.Release|Any CPU.ActiveCfg = Release|Any CPU
		{97364A7C-A7DE-4254-B58C-C2F1E9B10896}.Release|Any CPU.Build.0 = Release|Any CPU
	EndGlobalSection
	GlobalSection(SolutionProperties) = preSolution
		HideSolutionNode = FALSE
	EndGlobalSection
	GlobalSection(ExtensibilityGlobals) = postSolution
		SolutionGuid = {36015115-EF43-4140-9DD5-146B9A6EBD73}
	EndGlobalSection
EndGlobal
