
Microsoft Visual Studio Solution File, Format Version 9.00
# Visual Studio 2005
Project("{F184B08F-C81C-45F6-A57F-5ABD9991F28F}") = "CreateStruct", "CreateStruct\CreateStruct.vbproj", "{97F2DFB6-01DA-45BB-A7ED-7197616059D1}"
EndProject
Global
	GlobalSection(SolutionConfigurationPlatforms) = preSolution
		Debug|Any CPU = Debug|Any CPU
		Release|Any CPU = Release|Any CPU
	EndGlobalSection
	GlobalSection(ProjectConfigurationPlatforms) = postSolution
		{97F2DFB6-01DA-45BB-A7ED-7197616059D1}.Debug|Any CPU.ActiveCfg = Debug|Any CPU
		{97F2DFB6-01DA-45BB-A7ED-7197616059D1}.Debug|Any CPU.Build.0 = Debug|Any CPU
		{97F2DFB6-01DA-45BB-A7ED-7197616059D1}.Release|Any CPU.ActiveCfg = Release|Any CPU
		{97F2DFB6-01DA-45BB-A7ED-7197616059D1}.Release|Any CPU.Build.0 = Release|Any CPU
	EndGlobalSection
	GlobalSection(SolutionProperties) = preSolution
		HideSolutionNode = FALSE
	EndGlobalSection
EndGlobal
